
Microsoft Visual Studio Solution File, Format Version 12.00
# Visual Studio 15
Project("{FAE04EC0-301F-11D3-BF4B-00C04F79EFBC}") = "The Diner (Endeavour Foundation)", "Assembly-CSharp.csproj", "{E041BAF9-0ED2-7537-608F-5D16D39E3DDE}"
EndProject
Project("{FAE04EC0-301F-11D3-BF4B-00C04F79EFBC}") = "The Diner (Endeavour Foundation)", "Assembly-CSharp-Editor.csproj", "{4842B337-BFD7-2541-4A17-D2610A1745F4}"
EndProject
Global
	GlobalSection(SolutionConfigurationPlatforms) = preSolution
		Debug|Any CPU = Debug|Any CPU
		Release|Any CPU = Release|Any CPU
	EndGlobalSection
	GlobalSection(ProjectConfigurationPlatforms) = postSolution
		{E041BAF9-0ED2-7537-608F-5D16D39E3DDE}.Debug|Any CPU.ActiveCfg = Debug|Any CPU
		{E041BAF9-0ED2-7537-608F-5D16D39E3DDE}.Debug|Any CPU.Build.0 = Debug|Any CPU
		{E041BAF9-0ED2-7537-608F-5D16D39E3DDE}.Release|Any CPU.ActiveCfg = Release|Any CPU
		{E041BAF9-0ED2-7537-608F-5D16D39E3DDE}.Release|Any CPU.Build.0 = Release|Any CPU
		{4842B337-BFD7-2541-4A17-D2610A1745F4}.Debug|Any CPU.ActiveCfg = Debug|Any CPU
		{4842B337-BFD7-2541-4A17-D2610A1745F4}.Debug|Any CPU.Build.0 = Debug|Any CPU
		{4842B337-BFD7-2541-4A17-D2610A1745F4}.Release|Any CPU.ActiveCfg = Release|Any CPU
		{4842B337-BFD7-2541-4A17-D2610A1745F4}.Release|Any CPU.Build.0 = Release|Any CPU
	EndGlobalSection
	GlobalSection(SolutionProperties) = preSolution
		HideSolutionNode = FALSE
	EndGlobalSection
EndGlobal
